
Microsoft Visual Studio Solution File, Format Version 12.00
# Visual Studio Version 17
VisualStudioVersion = 17.10.35122.118
MinimumVisualStudioVersion = 10.0.40219.1
Project("{FAE04EC0-301F-11D3-BF4B-00C04F79EFBC}") = "ShalomLibrary", "ShalomLibrary\ShalomLibrary.csproj", "{EA2AE561-29FD-4031-9D39-FAF410F61D70}"
EndProject
Global
	GlobalSection(SolutionConfigurationPlatforms) = preSolution
		Debug|Any CPU = Debug|Any CPU
		Release|Any CPU = Release|Any CPU
	EndGlobalSection
	GlobalSection(ProjectConfigurationPlatforms) = postSolution
		{EA2AE561-29FD-4031-9D39-FAF410F61D70}.Debug|Any CPU.ActiveCfg = Debug|Any CPU
		{EA2AE561-29FD-4031-9D39-FAF410F61D70}.Debug|Any CPU.Build.0 = Debug|Any CPU
		{EA2AE561-29FD-4031-9D39-FAF410F61D70}.Release|Any CPU.ActiveCfg = Release|Any CPU
		{EA2AE561-29FD-4031-9D39-FAF410F61D70}.Release|Any CPU.Build.0 = Release|Any CPU
	EndGlobalSection
	GlobalSection(SolutionProperties) = preSolution
		HideSolutionNode = FALSE
	EndGlobalSection
	GlobalSection(ExtensibilityGlobals) = postSolution
		SolutionGuid = {54EC9EB5-9CF6-4452-A6A3-C79A9D6E9309}
	EndGlobalSection
EndGlobal
